
Microsoft Visual Studio Solution File, Format Version 12.00
# Visual Studio Version 17
VisualStudioVersion = 17.13.35931.197
MinimumVisualStudioVersion = 10.0.40219.1
Project("{FAE04EC0-301F-11D3-BF4B-00C04F79EFBC}") = "Auth.API", "Services\AuthService\Auth.API\Auth.API.csproj", "{0F603842-FAEE-4D5B-BAA4-6A0C41BF7BFA}"
EndProject
Project("{FAE04EC0-301F-11D3-BF4B-00C04F79EFBC}") = "Auth.Application", "Services\AuthService\Auth.Application\Auth.Application.csproj", "{51EB3752-5E98-48EF-B1DC-2EB3E2319F34}"
EndProject
Project("{FAE04EC0-301F-11D3-BF4B-00C04F79EFBC}") = "Auth.Domain", "Services\AuthService\Auth.Domain\Auth.Domain.csproj", "{5B9752EE-9B9D-43FF-9FE1-AB846E203FF1}"
EndProject
Project("{FAE04EC0-301F-11D3-BF4B-00C04F79EFBC}") = "Auth.Infrastructure", "Services\AuthService\Auth.Infrastructure\Auth.Infrastructure.csproj", "{F6BE8D12-50B2-4EBA-A361-15334E125637}"
EndProject
Project("{FAE04EC0-301F-11D3-BF4B-00C04F79EFBC}") = "Course.API", "Services\CourseService\Course.API\Course.API.csproj", "{91010A5C-1470-444F-B77D-A8CBD0BE3796}"
EndProject
Project("{FAE04EC0-301F-11D3-BF4B-00C04F79EFBC}") = "Course.Application", "Services\CourseService\Course.Application\Course.Application.csproj", "{E50F3FF8-9BF2-477E-86CD-235412D1BE10}"
EndProject
Project("{FAE04EC0-301F-11D3-BF4B-00C04F79EFBC}") = "Course.Domain", "Services\CourseService\Course.Domain\Course.Domain.csproj", "{E1BBCF4C-5B18-457B-9D44-9D3847F1A90E}"
EndProject
Project("{FAE04EC0-301F-11D3-BF4B-00C04F79EFBC}") = "Course.Infrastructure", "Services\CourseService\Course.Infrastructure\Course.Infrastructure.csproj", "{93F0FC79-B9C0-4269-B019-6435575ECB12}"
EndProject
Project("{FAE04EC0-301F-11D3-BF4B-00C04F79EFBC}") = "Enrollment.API", "Services\EnrollmentService\Enrollment.API\Enrollment.API.csproj", "{4B140C42-D117-4E07-A679-DCF134AC6897}"
EndProject
Project("{FAE04EC0-301F-11D3-BF4B-00C04F79EFBC}") = "Enrollment.Application", "Services\EnrollmentService\Enrollment.Application\Enrollment.Application.csproj", "{FF154CF1-D6D6-4956-B4A2-F069273626D9}"
EndProject
Project("{FAE04EC0-301F-11D3-BF4B-00C04F79EFBC}") = "Enrollment.Domain", "Services\EnrollmentService\Enrollment.Domain\Enrollment.Domain.csproj", "{DC0A8EC5-BF75-4D31-BBAB-EE138FEA4C70}"
EndProject
Project("{FAE04EC0-301F-11D3-BF4B-00C04F79EFBC}") = "Enrollment.Infrastructure", "Services\EnrollmentService\Enrollment.Infrastructure\Enrollment.Infrastructure.csproj", "{57ABB2D7-2A03-4540-87F7-D68988371F56}"
EndProject
Project("{FAE04EC0-301F-11D3-BF4B-00C04F79EFBC}") = "Notification.API", "Services\NotificationService\Notification.API\Notification.API.csproj", "{35A74866-B5F5-4B4B-9CC9-7A97BE5C4C49}"
EndProject
Project("{FAE04EC0-301F-11D3-BF4B-00C04F79EFBC}") = "Notification.Application", "Services\NotificationService\Notification.Application\Notification.Application.csproj", "{3F9D554D-3028-4DA3-84AD-B67A5E73E8CB}"
EndProject
Project("{FAE04EC0-301F-11D3-BF4B-00C04F79EFBC}") = "Notification.Domain", "Services\NotificationService\Notification.Domain\Notification.Domain.csproj", "{BB681099-D124-43BB-A966-146FD6BA8F23}"
EndProject
Project("{FAE04EC0-301F-11D3-BF4B-00C04F79EFBC}") = "Notification.Infrastructure", "Services\NotificationService\Notification.Infrastructure\Notification.Infrastructure.csproj", "{BA269CDF-1BFC-498C-B050-CE3FB4CA1A55}"
EndProject
Project("{FAE04EC0-301F-11D3-BF4B-00C04F79EFBC}") = "Order.API", "Services\OrderService\Order.API\Order.API.csproj", "{A4397E2D-0E42-49E5-979C-E929D1259010}"
EndProject
Project("{FAE04EC0-301F-11D3-BF4B-00C04F79EFBC}") = "Order.Application", "Services\OrderService\Order.Application\Order.Application.csproj", "{189C247F-29AC-416A-8A01-99FC6ED4D511}"
EndProject
Project("{FAE04EC0-301F-11D3-BF4B-00C04F79EFBC}") = "Order.Domain", "Services\OrderService\Order.Domain\Order.Domain.csproj", "{3C86C810-25CD-4F45-A67F-E51B5D6BD83E}"
EndProject
Project("{FAE04EC0-301F-11D3-BF4B-00C04F79EFBC}") = "Order.Infrastructure", "Services\OrderService\Order.Infrastructure\Order.Infrastructure.csproj", "{27A3B9A6-5E6A-4FB6-8FE3-0471D885C14B}"
EndProject
Project("{FAE04EC0-301F-11D3-BF4B-00C04F79EFBC}") = "Result.API", "Services\ResultService\Result.API\Result.API.csproj", "{71AF4DD3-4AD6-4975-A647-E4195D3733DC}"
EndProject
Project("{FAE04EC0-301F-11D3-BF4B-00C04F79EFBC}") = "Result.Application", "Services\ResultService\Result.Application\Result.Application.csproj", "{F5550B82-E368-4849-A564-0EE44F67D88D}"
EndProject
Project("{FAE04EC0-301F-11D3-BF4B-00C04F79EFBC}") = "Result.Domain", "Services\ResultService\Result.Domain\Result.Domain.csproj", "{CBDEC7ED-04F6-4327-BB51-1CCB9F46177F}"
EndProject
Project("{FAE04EC0-301F-11D3-BF4B-00C04F79EFBC}") = "Result.Infrastructure", "Services\ResultService\Result.Infrastructure\Result.Infrastructure.csproj", "{401E3A51-35DC-4773-A96D-A7025039A6FB}"
EndProject
Project("{2150E333-8FDC-42A3-9474-1A3956D46DE8}") = "Services", "Services", "{36D591C7-65C7-A0D1-1CBC-10CDE441BDC8}"
EndProject
Project("{2150E333-8FDC-42A3-9474-1A3956D46DE8}") = "AuthService", "AuthService", "{657BB51C-96D2-496F-A076-DEB85CA9573C}"
EndProject
Project("{2150E333-8FDC-42A3-9474-1A3956D46DE8}") = "CourseService", "CourseService", "{0F039A9A-61C7-4168-989C-BDEA54E0E605}"
EndProject
Project("{2150E333-8FDC-42A3-9474-1A3956D46DE8}") = "EnrollmentService", "EnrollmentService", "{17180D0B-A16B-49DD-A400-B5141E4A737F}"
EndProject
Project("{2150E333-8FDC-42A3-9474-1A3956D46DE8}") = "NotificationService", "NotificationService", "{CD6A2F88-08CC-409C-996E-587F544C044B}"
EndProject
Project("{2150E333-8FDC-42A3-9474-1A3956D46DE8}") = "OrderService", "OrderService", "{072699B0-67B4-41F9-A15D-45F6AE1251B7}"
EndProject
Project("{2150E333-8FDC-42A3-9474-1A3956D46DE8}") = "ResultService", "ResultService", "{981EB88A-1244-4EA8-91D2-C80578308731}"
EndProject
Project("{2150E333-8FDC-42A3-9474-1A3956D46DE8}") = "Shared", "Shared", "{F0B751FB-66A9-4DAB-84C3-47B7AA9E991F}"
EndProject
Project("{2150E333-8FDC-42A3-9474-1A3956D46DE8}") = "ApiGateway", "ApiGateway", "{A5A220F3-2ED4-4B60-8426-FACEF6CF3932}"
EndProject
Project("{FAE04EC0-301F-11D3-BF4B-00C04F79EFBC}") = "ApiGateway", "ApiGateway\ApiGateway\ApiGateway.csproj", "{C3FF9C7B-DC19-52B5-B861-716F1AFD9714}"
EndProject
Project("{FAE04EC0-301F-11D3-BF4B-00C04F79EFBC}") = "Shared.Application", "Shared\Shared.Application\Shared.Application.csproj", "{7AC4689D-4461-41AC-8BCA-FE68002132D6}"
EndProject
Project("{FAE04EC0-301F-11D3-BF4B-00C04F79EFBC}") = "Shared.Infrastructure", "Shared\Shared.Infrastructure\Shared.Infrastructure.csproj", "{FA38D37A-71E0-4371-9932-FF67CCDE6DD6}"
EndProject
Global
	GlobalSection(SolutionConfigurationPlatforms) = preSolution
		Debug|Any CPU = Debug|Any CPU
		Release|Any CPU = Release|Any CPU
	EndGlobalSection
	GlobalSection(ProjectConfigurationPlatforms) = postSolution
		{0F603842-FAEE-4D5B-BAA4-6A0C41BF7BFA}.Debug|Any CPU.ActiveCfg = Debug|Any CPU
		{0F603842-FAEE-4D5B-BAA4-6A0C41BF7BFA}.Debug|Any CPU.Build.0 = Debug|Any CPU
		{0F603842-FAEE-4D5B-BAA4-6A0C41BF7BFA}.Release|Any CPU.ActiveCfg = Release|Any CPU
		{0F603842-FAEE-4D5B-BAA4-6A0C41BF7BFA}.Release|Any CPU.Build.0 = Release|Any CPU
		{51EB3752-5E98-48EF-B1DC-2EB3E2319F34}.Debug|Any CPU.ActiveCfg = Debug|Any CPU
		{51EB3752-5E98-48EF-B1DC-2EB3E2319F34}.Debug|Any CPU.Build.0 = Debug|Any CPU
		{51EB3752-5E98-48EF-B1DC-2EB3E2319F34}.Release|Any CPU.ActiveCfg = Release|Any CPU
		{51EB3752-5E98-48EF-B1DC-2EB3E2319F34}.Release|Any CPU.Build.0 = Release|Any CPU
		{5B9752EE-9B9D-43FF-9FE1-AB846E203FF1}.Debug|Any CPU.ActiveCfg = Debug|Any CPU
		{5B9752EE-9B9D-43FF-9FE1-AB846E203FF1}.Debug|Any CPU.Build.0 = Debug|Any CPU
		{5B9752EE-9B9D-43FF-9FE1-AB846E203FF1}.Release|Any CPU.ActiveCfg = Release|Any CPU
		{5B9752EE-9B9D-43FF-9FE1-AB846E203FF1}.Release|Any CPU.Build.0 = Release|Any CPU
		{F6BE8D12-50B2-4EBA-A361-15334E125637}.Debug|Any CPU.ActiveCfg = Debug|Any CPU
		{F6BE8D12-50B2-4EBA-A361-15334E125637}.Debug|Any CPU.Build.0 = Debug|Any CPU
		{F6BE8D12-50B2-4EBA-A361-15334E125637}.Release|Any CPU.ActiveCfg = Release|Any CPU
		{F6BE8D12-50B2-4EBA-A361-15334E125637}.Release|Any CPU.Build.0 = Release|Any CPU
		{91010A5C-1470-444F-B77D-A8CBD0BE3796}.Debug|Any CPU.ActiveCfg = Debug|Any CPU
		{91010A5C-1470-444F-B77D-A8CBD0BE3796}.Debug|Any CPU.Build.0 = Debug|Any CPU
		{91010A5C-1470-444F-B77D-A8CBD0BE3796}.Release|Any CPU.ActiveCfg = Release|Any CPU
		{91010A5C-1470-444F-B77D-A8CBD0BE3796}.Release|Any CPU.Build.0 = Release|Any CPU
		{E50F3FF8-9BF2-477E-86CD-235412D1BE10}.Debug|Any CPU.ActiveCfg = Debug|Any CPU
		{E50F3FF8-9BF2-477E-86CD-235412D1BE10}.Debug|Any CPU.Build.0 = Debug|Any CPU
		{E50F3FF8-9BF2-477E-86CD-235412D1BE10}.Release|Any CPU.ActiveCfg = Release|Any CPU
		{E50F3FF8-9BF2-477E-86CD-235412D1BE10}.Release|Any CPU.Build.0 = Release|Any CPU
		{E1BBCF4C-5B18-457B-9D44-9D3847F1A90E}.Debug|Any CPU.ActiveCfg = Debug|Any CPU
		{E1BBCF4C-5B18-457B-9D44-9D3847F1A90E}.Debug|Any CPU.Build.0 = Debug|Any CPU
		{E1BBCF4C-5B18-457B-9D44-9D3847F1A90E}.Release|Any CPU.ActiveCfg = Release|Any CPU
		{E1BBCF4C-5B18-457B-9D44-9D3847F1A90E}.Release|Any CPU.Build.0 = Release|Any CPU
		{93F0FC79-B9C0-4269-B019-6435575ECB12}.Debug|Any CPU.ActiveCfg = Debug|Any CPU
		{93F0FC79-B9C0-4269-B019-6435575ECB12}.Debug|Any CPU.Build.0 = Debug|Any CPU
		{93F0FC79-B9C0-4269-B019-6435575ECB12}.Release|Any CPU.ActiveCfg = Release|Any CPU
		{93F0FC79-B9C0-4269-B019-6435575ECB12}.Release|Any CPU.Build.0 = Release|Any CPU
		{4B140C42-D117-4E07-A679-DCF134AC6897}.Debug|Any CPU.ActiveCfg = Debug|Any CPU
		{4B140C42-D117-4E07-A679-DCF134AC6897}.Debug|Any CPU.Build.0 = Debug|Any CPU
		{4B140C42-D117-4E07-A679-DCF134AC6897}.Release|Any CPU.ActiveCfg = Release|Any CPU
		{4B140C42-D117-4E07-A679-DCF134AC6897}.Release|Any CPU.Build.0 = Release|Any CPU
		{FF154CF1-D6D6-4956-B4A2-F069273626D9}.Debug|Any CPU.ActiveCfg = Debug|Any CPU
		{FF154CF1-D6D6-4956-B4A2-F069273626D9}.Debug|Any CPU.Build.0 = Debug|Any CPU
		{FF154CF1-D6D6-4956-B4A2-F069273626D9}.Release|Any CPU.ActiveCfg = Release|Any CPU
		{FF154CF1-D6D6-4956-B4A2-F069273626D9}.Release|Any CPU.Build.0 = Release|Any CPU
		{DC0A8EC5-BF75-4D31-BBAB-EE138FEA4C70}.Debug|Any CPU.ActiveCfg = Debug|Any CPU
		{DC0A8EC5-BF75-4D31-BBAB-EE138FEA4C70}.Debug|Any CPU.Build.0 = Debug|Any CPU
		{DC0A8EC5-BF75-4D31-BBAB-EE138FEA4C70}.Release|Any CPU.ActiveCfg = Release|Any CPU
		{DC0A8EC5-BF75-4D31-BBAB-EE138FEA4C70}.Release|Any CPU.Build.0 = Release|Any CPU
		{57ABB2D7-2A03-4540-87F7-D68988371F56}.Debug|Any CPU.ActiveCfg = Debug|Any CPU
		{57ABB2D7-2A03-4540-87F7-D68988371F56}.Debug|Any CPU.Build.0 = Debug|Any CPU
		{57ABB2D7-2A03-4540-87F7-D68988371F56}.Release|Any CPU.ActiveCfg = Release|Any CPU
		{57ABB2D7-2A03-4540-87F7-D68988371F56}.Release|Any CPU.Build.0 = Release|Any CPU
		{35A74866-B5F5-4B4B-9CC9-7A97BE5C4C49}.Debug|Any CPU.ActiveCfg = Debug|Any CPU
		{35A74866-B5F5-4B4B-9CC9-7A97BE5C4C49}.Debug|Any CPU.Build.0 = Debug|Any CPU
		{35A74866-B5F5-4B4B-9CC9-7A97BE5C4C49}.Release|Any CPU.ActiveCfg = Release|Any CPU
		{35A74866-B5F5-4B4B-9CC9-7A97BE5C4C49}.Release|Any CPU.Build.0 = Release|Any CPU
		{3F9D554D-3028-4DA3-84AD-B67A5E73E8CB}.Debug|Any CPU.ActiveCfg = Debug|Any CPU
		{3F9D554D-3028-4DA3-84AD-B67A5E73E8CB}.Debug|Any CPU.Build.0 = Debug|Any CPU
		{3F9D554D-3028-4DA3-84AD-B67A5E73E8CB}.Release|Any CPU.ActiveCfg = Release|Any CPU
		{3F9D554D-3028-4DA3-84AD-B67A5E73E8CB}.Release|Any CPU.Build.0 = Release|Any CPU
		{BB681099-D124-43BB-A966-146FD6BA8F23}.Debug|Any CPU.ActiveCfg = Debug|Any CPU
		{BB681099-D124-43BB-A966-146FD6BA8F23}.Debug|Any CPU.Build.0 = Debug|Any CPU
		{BB681099-D124-43BB-A966-146FD6BA8F23}.Release|Any CPU.ActiveCfg = Release|Any CPU
		{BB681099-D124-43BB-A966-146FD6BA8F23}.Release|Any CPU.Build.0 = Release|Any CPU
		{BA269CDF-1BFC-498C-B050-CE3FB4CA1A55}.Debug|Any CPU.ActiveCfg = Debug|Any CPU
		{BA269CDF-1BFC-498C-B050-CE3FB4CA1A55}.Debug|Any CPU.Build.0 = Debug|Any CPU
		{BA269CDF-1BFC-498C-B050-CE3FB4CA1A55}.Release|Any CPU.ActiveCfg = Release|Any CPU
		{BA269CDF-1BFC-498C-B050-CE3FB4CA1A55}.Release|Any CPU.Build.0 = Release|Any CPU
		{A4397E2D-0E42-49E5-979C-E929D1259010}.Debug|Any CPU.ActiveCfg = Debug|Any CPU
		{A4397E2D-0E42-49E5-979C-E929D1259010}.Debug|Any CPU.Build.0 = Debug|Any CPU
		{A4397E2D-0E42-49E5-979C-E929D1259010}.Release|Any CPU.ActiveCfg = Release|Any CPU
		{A4397E2D-0E42-49E5-979C-E929D1259010}.Release|Any CPU.Build.0 = Release|Any CPU
		{189C247F-29AC-416A-8A01-99FC6ED4D511}.Debug|Any CPU.ActiveCfg = Debug|Any CPU
		{189C247F-29AC-416A-8A01-99FC6ED4D511}.Debug|Any CPU.Build.0 = Debug|Any CPU
		{189C247F-29AC-416A-8A01-99FC6ED4D511}.Release|Any CPU.ActiveCfg = Release|Any CPU
		{189C247F-29AC-416A-8A01-99FC6ED4D511}.Release|Any CPU.Build.0 = Release|Any CPU
		{3C86C810-25CD-4F45-A67F-E51B5D6BD83E}.Debug|Any CPU.ActiveCfg = Debug|Any CPU
		{3C86C810-25CD-4F45-A67F-E51B5D6BD83E}.Debug|Any CPU.Build.0 = Debug|Any CPU
		{3C86C810-25CD-4F45-A67F-E51B5D6BD83E}.Release|Any CPU.ActiveCfg = Release|Any CPU
		{3C86C810-25CD-4F45-A67F-E51B5D6BD83E}.Release|Any CPU.Build.0 = Release|Any CPU
		{27A3B9A6-5E6A-4FB6-8FE3-0471D885C14B}.Debug|Any CPU.ActiveCfg = Debug|Any CPU
		{27A3B9A6-5E6A-4FB6-8FE3-0471D885C14B}.Debug|Any CPU.Build.0 = Debug|Any CPU
		{27A3B9A6-5E6A-4FB6-8FE3-0471D885C14B}.Release|Any CPU.ActiveCfg = Release|Any CPU
		{27A3B9A6-5E6A-4FB6-8FE3-0471D885C14B}.Release|Any CPU.Build.0 = Release|Any CPU
		{71AF4DD3-4AD6-4975-A647-E4195D3733DC}.Debug|Any CPU.ActiveCfg = Debug|Any CPU
		{71AF4DD3-4AD6-4975-A647-E4195D3733DC}.Debug|Any CPU.Build.0 = Debug|Any CPU
		{71AF4DD3-4AD6-4975-A647-E4195D3733DC}.Release|Any CPU.ActiveCfg = Release|Any CPU
		{71AF4DD3-4AD6-4975-A647-E4195D3733DC}.Release|Any CPU.Build.0 = Release|Any CPU
		{F5550B82-E368-4849-A564-0EE44F67D88D}.Debug|Any CPU.ActiveCfg = Debug|Any CPU
		{F5550B82-E368-4849-A564-0EE44F67D88D}.Debug|Any CPU.Build.0 = Debug|Any CPU
		{F5550B82-E368-4849-A564-0EE44F67D88D}.Release|Any CPU.ActiveCfg = Release|Any CPU
		{F5550B82-E368-4849-A564-0EE44F67D88D}.Release|Any CPU.Build.0 = Release|Any CPU
		{CBDEC7ED-04F6-4327-BB51-1CCB9F46177F}.Debug|Any CPU.ActiveCfg = Debug|Any CPU
		{CBDEC7ED-04F6-4327-BB51-1CCB9F46177F}.Debug|Any CPU.Build.0 = Debug|Any CPU
		{CBDEC7ED-04F6-4327-BB51-1CCB9F46177F}.Release|Any CPU.ActiveCfg = Release|Any CPU
		{CBDEC7ED-04F6-4327-BB51-1CCB9F46177F}.Release|Any CPU.Build.0 = Release|Any CPU
		{401E3A51-35DC-4773-A96D-A7025039A6FB}.Debug|Any CPU.ActiveCfg = Debug|Any CPU
		{401E3A51-35DC-4773-A96D-A7025039A6FB}.Debug|Any CPU.Build.0 = Debug|Any CPU
		{401E3A51-35DC-4773-A96D-A7025039A6FB}.Release|Any CPU.ActiveCfg = Release|Any CPU
		{401E3A51-35DC-4773-A96D-A7025039A6FB}.Release|Any CPU.Build.0 = Release|Any CPU
		{C3FF9C7B-DC19-52B5-B861-716F1AFD9714}.Debug|Any CPU.ActiveCfg = Debug|Any CPU
		{C3FF9C7B-DC19-52B5-B861-716F1AFD9714}.Debug|Any CPU.Build.0 = Debug|Any CPU
		{C3FF9C7B-DC19-52B5-B861-716F1AFD9714}.Release|Any CPU.ActiveCfg = Release|Any CPU
		{C3FF9C7B-DC19-52B5-B861-716F1AFD9714}.Release|Any CPU.Build.0 = Release|Any CPU
		{7AC4689D-4461-41AC-8BCA-FE68002132D6}.Debug|Any CPU.ActiveCfg = Debug|Any CPU
		{7AC4689D-4461-41AC-8BCA-FE68002132D6}.Debug|Any CPU.Build.0 = Debug|Any CPU
		{7AC4689D-4461-41AC-8BCA-FE68002132D6}.Release|Any CPU.ActiveCfg = Release|Any CPU
		{7AC4689D-4461-41AC-8BCA-FE68002132D6}.Release|Any CPU.Build.0 = Release|Any CPU
		{FA38D37A-71E0-4371-9932-FF67CCDE6DD6}.Debug|Any CPU.ActiveCfg = Debug|Any CPU
		{FA38D37A-71E0-4371-9932-FF67CCDE6DD6}.Debug|Any CPU.Build.0 = Debug|Any CPU
		{FA38D37A-71E0-4371-9932-FF67CCDE6DD6}.Release|Any CPU.ActiveCfg = Release|Any CPU
		{FA38D37A-71E0-4371-9932-FF67CCDE6DD6}.Release|Any CPU.Build.0 = Release|Any CPU
	EndGlobalSection
	GlobalSection(SolutionProperties) = preSolution
		HideSolutionNode = FALSE
	EndGlobalSection
	GlobalSection(NestedProjects) = preSolution
		{0F603842-FAEE-4D5B-BAA4-6A0C41BF7BFA} = {657BB51C-96D2-496F-A076-DEB85CA9573C}
		{51EB3752-5E98-48EF-B1DC-2EB3E2319F34} = {657BB51C-96D2-496F-A076-DEB85CA9573C}
		{5B9752EE-9B9D-43FF-9FE1-AB846E203FF1} = {657BB51C-96D2-496F-A076-DEB85CA9573C}
		{F6BE8D12-50B2-4EBA-A361-15334E125637} = {657BB51C-96D2-496F-A076-DEB85CA9573C}
		{91010A5C-1470-444F-B77D-A8CBD0BE3796} = {0F039A9A-61C7-4168-989C-BDEA54E0E605}
		{E50F3FF8-9BF2-477E-86CD-235412D1BE10} = {0F039A9A-61C7-4168-989C-BDEA54E0E605}
		{E1BBCF4C-5B18-457B-9D44-9D3847F1A90E} = {0F039A9A-61C7-4168-989C-BDEA54E0E605}
		{93F0FC79-B9C0-4269-B019-6435575ECB12} = {0F039A9A-61C7-4168-989C-BDEA54E0E605}
		{4B140C42-D117-4E07-A679-DCF134AC6897} = {17180D0B-A16B-49DD-A400-B5141E4A737F}
		{FF154CF1-D6D6-4956-B4A2-F069273626D9} = {17180D0B-A16B-49DD-A400-B5141E4A737F}
		{DC0A8EC5-BF75-4D31-BBAB-EE138FEA4C70} = {17180D0B-A16B-49DD-A400-B5141E4A737F}
		{57ABB2D7-2A03-4540-87F7-D68988371F56} = {17180D0B-A16B-49DD-A400-B5141E4A737F}
		{35A74866-B5F5-4B4B-9CC9-7A97BE5C4C49} = {CD6A2F88-08CC-409C-996E-587F544C044B}
		{3F9D554D-3028-4DA3-84AD-B67A5E73E8CB} = {CD6A2F88-08CC-409C-996E-587F544C044B}
		{BB681099-D124-43BB-A966-146FD6BA8F23} = {CD6A2F88-08CC-409C-996E-587F544C044B}
		{BA269CDF-1BFC-498C-B050-CE3FB4CA1A55} = {CD6A2F88-08CC-409C-996E-587F544C044B}
		{A4397E2D-0E42-49E5-979C-E929D1259010} = {072699B0-67B4-41F9-A15D-45F6AE1251B7}
		{189C247F-29AC-416A-8A01-99FC6ED4D511} = {072699B0-67B4-41F9-A15D-45F6AE1251B7}
		{3C86C810-25CD-4F45-A67F-E51B5D6BD83E} = {072699B0-67B4-41F9-A15D-45F6AE1251B7}
		{27A3B9A6-5E6A-4FB6-8FE3-0471D885C14B} = {072699B0-67B4-41F9-A15D-45F6AE1251B7}
		{71AF4DD3-4AD6-4975-A647-E4195D3733DC} = {981EB88A-1244-4EA8-91D2-C80578308731}
		{F5550B82-E368-4849-A564-0EE44F67D88D} = {981EB88A-1244-4EA8-91D2-C80578308731}
		{CBDEC7ED-04F6-4327-BB51-1CCB9F46177F} = {981EB88A-1244-4EA8-91D2-C80578308731}
		{401E3A51-35DC-4773-A96D-A7025039A6FB} = {981EB88A-1244-4EA8-91D2-C80578308731}
		{657BB51C-96D2-496F-A076-DEB85CA9573C} = {36D591C7-65C7-A0D1-1CBC-10CDE441BDC8}
		{0F039A9A-61C7-4168-989C-BDEA54E0E605} = {36D591C7-65C7-A0D1-1CBC-10CDE441BDC8}
		{17180D0B-A16B-49DD-A400-B5141E4A737F} = {36D591C7-65C7-A0D1-1CBC-10CDE441BDC8}
		{CD6A2F88-08CC-409C-996E-587F544C044B} = {36D591C7-65C7-A0D1-1CBC-10CDE441BDC8}
		{072699B0-67B4-41F9-A15D-45F6AE1251B7} = {36D591C7-65C7-A0D1-1CBC-10CDE441BDC8}
		{981EB88A-1244-4EA8-91D2-C80578308731} = {36D591C7-65C7-A0D1-1CBC-10CDE441BDC8}
		{C3FF9C7B-DC19-52B5-B861-716F1AFD9714} = {A5A220F3-2ED4-4B60-8426-FACEF6CF3932}
		{7AC4689D-4461-41AC-8BCA-FE68002132D6} = {F0B751FB-66A9-4DAB-84C3-47B7AA9E991F}
		{FA38D37A-71E0-4371-9932-FF67CCDE6DD6} = {F0B751FB-66A9-4DAB-84C3-47B7AA9E991F}
	EndGlobalSection
	GlobalSection(ExtensibilityGlobals) = postSolution
		SolutionGuid = {3C1A6130-1C9B-44AE-A57F-8507676655FB}
	EndGlobalSection
EndGlobal
